// !$*UTF8*$!
{
	archiveVersion = 1;
	classes = {
	};
	objectVersion = 55;
	objects = {

/* Begin PBXBuildFile section */
		F7CF12932854AFE8005D211B /* AppDelegate.swift in Sources */ = {isa = PBXBuildFile; fileRef = F7CF12922854AFE8005D211B /* AppDelegate.swift */; };
		F7CF12952854AFE8005D211B /* SceneDelegate.swift in Sources */ = {isa = PBXBuildFile; fileRef = F7CF12942854AFE8005D211B /* SceneDelegate.swift */; };
		F7CF129C2854AFEC005D211B /* Assets.xcassets in Resources */ = {isa = PBXBuildFile; fileRef = F7CF129B2854AFEC005D211B /* Assets.xcassets */; };
		F7CF12A82854B10B005D211B /* ScrollPageViewController.swift in Sources */ = {isa = PBXBuildFile; fileRef = F7CF12A62854B10B005D211B /* ScrollPageViewController.swift */; };
		F7CF12A92854B10B005D211B /* ScrollPageViewController.xib in Resources */ = {isa = PBXBuildFile; fileRef = F7CF12A72854B10B005D211B /* ScrollPageViewController.xib */; };
		F7CF12AC2854B1F3005D211B /* UIViewController + Nib.swift in Sources */ = {isa = PBXBuildFile; fileRef = F7CF12AB2854B1F3005D211B /* UIViewController + Nib.swift */; };
		F7CF12B32854B644005D211B /* CartoonView.xib in Resources */ = {isa = PBXBuildFile; fileRef = F7CF12B22854B644005D211B /* CartoonView.xib */; };
		F7CF12B62854B6A6005D211B /* CartoonView.swift in Sources */ = {isa = PBXBuildFile; fileRef = F7CF12B52854B6A6005D211B /* CartoonView.swift */; };
/* End PBXBuildFile section */

/* Begin PBXFileReference section */
		F7CF128F2854AFE8005D211B /* SomeCoolStuffs.app */ = {isa = PBXFileReference; explicitFileType = wrapper.application; includeInIndex = 0; path = SomeCoolStuffs.app; sourceTree = BUILT_PRODUCTS_DIR; };
		F7CF12922854AFE8005D211B /* AppDelegate.swift */ = {isa = PBXFileReference; lastKnownFileType = sourcecode.swift; path = AppDelegate.swift; sourceTree = "<group>"; };
		F7CF12942854AFE8005D211B /* SceneDelegate.swift */ = {isa = PBXFileReference; lastKnownFileType = sourcecode.swift; path = SceneDelegate.swift; sourceTree = "<group>"; };
		F7CF129B2854AFEC005D211B /* Assets.xcassets */ = {isa = PBXFileReference; lastKnownFileType = folder.assetcatalog; path = Assets.xcassets; sourceTree = "<group>"; };
		F7CF12A02854AFEC005D211B /* Info.plist */ = {isa = PBXFileReference; lastKnownFileType = text.plist.xml; name = Info.plist; path = SomeCoolStuffs/Support/Info.plist; sourceTree = SOURCE_ROOT; };
		F7CF12A62854B10B005D211B /* ScrollPageViewController.swift */ = {isa = PBXFileReference; lastKnownFileType = sourcecode.swift; path = ScrollPageViewController.swift; sourceTree = "<group>"; };
		F7CF12A72854B10B005D211B /* ScrollPageViewController.xib */ = {isa = PBXFileReference; lastKnownFileType = file.xib; path = ScrollPageViewController.xib; sourceTree = "<group>"; };
		F7CF12AB2854B1F3005D211B /* UIViewController + Nib.swift */ = {isa = PBXFileReference; lastKnownFileType = sourcecode.swift; path = "UIViewController + Nib.swift"; sourceTree = "<group>"; };
		F7CF12B22854B644005D211B /* CartoonView.xib */ = {isa = PBXFileReference; lastKnownFileType = file.xib; path = CartoonView.xib; sourceTree = "<group>"; };
		F7CF12B52854B6A6005D211B /* CartoonView.swift */ = {isa = PBXFileReference; lastKnownFileType = sourcecode.swift; path = CartoonView.swift; sourceTree = "<group>"; };
/* End PBXFileReference section */

/* Begin PBXFrameworksBuildPhase section */
		F7CF128C2854AFE8005D211B /* Frameworks */ = {
			isa = PBXFrameworksBuildPhase;
			buildActionMask = 2147483647;
			files = (
			);
			runOnlyForDeploymentPostprocessing = 0;
		};
/* End PBXFrameworksBuildPhase section */

/* Begin PBXGroup section */
		F7CF12862854AFE8005D211B = {
			isa = PBXGroup;
			children = (
				F7CF12912854AFE8005D211B /* SomeCoolStuffs */,
				F7CF12902854AFE8005D211B /* Products */,
			);
			sourceTree = "<group>";
		};
		F7CF12902854AFE8005D211B /* Products */ = {
			isa = PBXGroup;
			children = (
				F7CF128F2854AFE8005D211B /* SomeCoolStuffs.app */,
			);
			name = Products;
			sourceTree = "<group>";
		};
		F7CF12912854AFE8005D211B /* SomeCoolStuffs */ = {
			isa = PBXGroup;
			children = (
				F7CF12B728551179005D211B /* Support */,
				F7CF12AA2854B112005D211B /* ScrollPageController */,
				F7CF12B828551192005D211B /* Media */,
				F7CF12AD2854B375005D211B /* Extensions */,
			);
			path = SomeCoolStuffs;
			sourceTree = "<group>";
		};
		F7CF12AA2854B112005D211B /* ScrollPageController */ = {
			isa = PBXGroup;
			children = (
				F7CF12A62854B10B005D211B /* ScrollPageViewController.swift */,
				F7CF12A72854B10B005D211B /* ScrollPageViewController.xib */,
				F7CF12B42854B64C005D211B /* CartoonView */,
			);
			path = ScrollPageController;
			sourceTree = "<group>";
		};
		F7CF12AD2854B375005D211B /* Extensions */ = {
			isa = PBXGroup;
			children = (
				F7CF12AB2854B1F3005D211B /* UIViewController + Nib.swift */,
			);
			path = Extensions;
			sourceTree = "<group>";
		};
		F7CF12B42854B64C005D211B /* CartoonView */ = {
			isa = PBXGroup;
			children = (
				F7CF12B22854B644005D211B /* CartoonView.xib */,
				F7CF12B52854B6A6005D211B /* CartoonView.swift */,
			);
			path = CartoonView;
			sourceTree = "<group>";
		};
		F7CF12B728551179005D211B /* Support */ = {
			isa = PBXGroup;
			children = (
				F7CF12922854AFE8005D211B /* AppDelegate.swift */,
				F7CF12942854AFE8005D211B /* SceneDelegate.swift */,
				F7CF12A02854AFEC005D211B /* Info.plist */,
			);
			path = Support;
			sourceTree = "<group>";
		};
		F7CF12B828551192005D211B /* Media */ = {
			isa = PBXGroup;
			children = (
				F7CF129B2854AFEC005D211B /* Assets.xcassets */,
			);
			path = Media;
			sourceTree = "<group>";
		};
/* End PBXGroup section */

/* Begin PBXNativeTarget section */
		F7CF128E2854AFE8005D211B /* SomeCoolStuffs */ = {
			isa = PBXNativeTarget;
			buildConfigurationList = F7CF12A32854AFEC005D211B /* Build configuration list for PBXNativeTarget "SomeCoolStuffs" */;
			buildPhases = (
				F7CF128B2854AFE8005D211B /* Sources */,
				F7CF128C2854AFE8005D211B /* Frameworks */,
				F7CF128D2854AFE8005D211B /* Resources */,
			);
			buildRules = (
			);
			dependencies = (
			);
			name = SomeCoolStuffs;
			productName = SomeCoolStuffs;
			productReference = F7CF128F2854AFE8005D211B /* SomeCoolStuffs.app */;
			productType = "com.apple.product-type.application";
		};
/* End PBXNativeTarget section */

/* Begin PBXProject section */
		F7CF12872854AFE8005D211B /* Project object */ = {
			isa = PBXProject;
			attributes = {
				BuildIndependentTargetsInParallel = 1;
				LastSwiftUpdateCheck = 1330;
				LastUpgradeCheck = 1330;
				TargetAttributes = {
					F7CF128E2854AFE8005D211B = {
						CreatedOnToolsVersion = 13.3.1;
					};
				};
			};
			buildConfigurationList = F7CF128A2854AFE8005D211B /* Build configuration list for PBXProject "SomeCoolStuffs" */;
			compatibilityVersion = "Xcode 13.0";
			developmentRegion = en;
			hasScannedForEncodings = 0;
			knownRegions = (
				en,
				Base,
			);
			mainGroup = F7CF12862854AFE8005D211B;
			productRefGroup = F7CF12902854AFE8005D211B /* Products */;
			projectDirPath = "";
			projectRoot = "";
			targets = (
				F7CF128E2854AFE8005D211B /* SomeCoolStuffs */,
			);
		};
/* End PBXProject section */

/* Begin PBXResourcesBuildPhase section */
		F7CF128D2854AFE8005D211B /* Resources */ = {
			isa = PBXResourcesBuildPhase;
			buildActionMask = 2147483647;
			files = (
				F7CF12B32854B644005D211B /* CartoonView.xib in Resources */,
				F7CF129C2854AFEC005D211B /* Assets.xcassets in Resources */,
				F7CF12A92854B10B005D211B /* ScrollPageViewController.xib in Resources */,
			);
			runOnlyForDeploymentPostprocessing = 0;
		};
/* End PBXResourcesBuildPhase section */

/* Begin PBXSourcesBuildPhase section */
		F7CF128B2854AFE8005D211B /* Sources */ = {
			isa = PBXSourcesBuildPhase;
			buildActionMask = 2147483647;
			files = (
				F7CF12AC2854B1F3005D211B /* UIViewController + Nib.swift in Sources */,
				F7CF12932854AFE8005D211B /* AppDelegate.swift in Sources */,
				F7CF12952854AFE8005D211B /* SceneDelegate.swift in Sources */,
				F7CF12A82854B10B005D211B /* ScrollPageViewController.swift in Sources */,
				F7CF12B62854B6A6005D211B /* CartoonView.swift in Sources */,
			);
			runOnlyForDeploymentPostprocessing = 0;
		};
/* End PBXSourcesBuildPhase section */

/* Begin XCBuildConfiguration section */
		F7CF12A12854AFEC005D211B /* Debug */ = {
			isa = XCBuildConfiguration;
			buildSettings = {
				ALWAYS_SEARCH_USER_PATHS = NO;
				CLANG_ANALYZER_NONNULL = YES;
				CLANG_ANALYZER_NUMBER_OBJECT_CONVERSION = YES_AGGRESSIVE;
				CLANG_CXX_LANGUAGE_STANDARD = "gnu++17";
				CLANG_ENABLE_MODULES = YES;
				CLANG_ENABLE_OBJC_ARC = YES;
				CLANG_ENABLE_OBJC_WEAK = YES;
				CLANG_WARN_BLOCK_CAPTURE_AUTORELEASING = YES;
				CLANG_WARN_BOOL_CONVERSION = YES;
				CLANG_WARN_COMMA = YES;
				CLANG_WARN_CONSTANT_CONVERSION = YES;
				CLANG_WARN_DEPRECATED_OBJC_IMPLEMENTATIONS = YES;
				CLANG_WARN_DIRECT_OBJC_ISA_USAGE = YES_ERROR;
				CLANG_WARN_DOCUMENTATION_COMMENTS = YES;
				CLANG_WARN_EMPTY_BODY = YES;
				CLANG_WARN_ENUM_CONVERSION = YES;
				CLANG_WARN_INFINITE_RECURSION = YES;
				CLANG_WARN_INT_CONVERSION = YES;
				CLANG_WARN_NON_LITERAL_NULL_CONVERSION = YES;
				CLANG_WARN_OBJC_IMPLICIT_RETAIN_SELF = YES;
				CLANG_WARN_OBJC_LITERAL_CONVERSION = YES;
				CLANG_WARN_OBJC_ROOT_CLASS = YES_ERROR;
				CLANG_WARN_QUOTED_INCLUDE_IN_FRAMEWORK_HEADER = YES;
				CLANG_WARN_RANGE_LOOP_ANALYSIS = YES;
				CLANG_WARN_STRICT_PROTOTYPES = YES;
				CLANG_WARN_SUSPICIOUS_MOVE = YES;
				CLANG_WARN_UNGUARDED_AVAILABILITY = YES_AGGRESSIVE;
				CLANG_WARN_UNREACHABLE_CODE = YES;
				CLANG_WARN__DUPLICATE_METHOD_MATCH = YES;
				COPY_PHASE_STRIP = NO;
				DEBUG_INFORMATION_FORMAT = dwarf;
				ENABLE_STRICT_OBJC_MSGSEND = YES;
				ENABLE_TESTABILITY = YES;
				GCC_C_LANGUAGE_STANDARD = gnu11;
				GCC_DYNAMIC_NO_PIC = NO;
				GCC_NO_COMMON_BLOCKS = YES;
				GCC_OPTIMIZATION_LEVEL = 0;
				GCC_PREPROCESSOR_DEFINITIONS = (
					"DEBUG=1",
					"$(inherited)",
				);
				GCC_WARN_64_TO_32_BIT_CONVERSION = YES;
				GCC_WARN_ABOUT_RETURN_TYPE = YES_ERROR;
				GCC_WARN_UNDECLARED_SELECTOR = YES;
				GCC_WARN_UNINITIALIZED_AUTOS = YES_AGGRESSIVE;
				GCC_WARN_UNUSED_FUNCTION = YES;
				GCC_WARN_UNUSED_VARIABLE = YES;
				INFOPLIST_FILE = /Users/kneskoromny/Documents/SWIFT/Development/SomeCoolStuffs/SomeCoolStuffs/Support/Info.plist;
				IPHONEOS_DEPLOYMENT_TARGET = 15.4;
				MTL_ENABLE_DEBUG_INFO = INCLUDE_SOURCE;
				MTL_FAST_MATH = YES;
				ONLY_ACTIVE_ARCH = YES;
				SDKROOT = iphoneos;
				SWIFT_ACTIVE_COMPILATION_CONDITIONS = DEBUG;
				SWIFT_OPTIMIZATION_LEVEL = "-Onone";
			};
			name = Debug;
		};
		F7CF12A22854AFEC005D211B /* Release */ = {
			isa = XCBuildConfiguration;
			buildSettings = {
				ALWAYS_SEARCH_USER_PATHS = NO;
				CLANG_ANALYZER_NONNULL = YES;
				CLANG_ANALYZER_NUMBER_OBJECT_CONVERSION = YES_AGGRESSIVE;
				CLANG_CXX_LANGUAGE_STANDARD = "gnu++17";
				CLANG_ENABLE_MODULES = YES;
				CLANG_ENABLE_OBJC_ARC = YES;
				CLANG_ENABLE_OBJC_WEAK = YES;
				CLANG_WARN_BLOCK_CAPTURE_AUTORELEASING = YES;
				CLANG_WARN_BOOL_CONVERSION = YES;
				CLANG_WARN_COMMA = YES;
				CLANG_WARN_CONSTANT_CONVERSION = YES;
				CLANG_WARN_DEPRECATED_OBJC_IMPLEMENTATIONS = YES;
				CLANG_WARN_DIRECT_OBJC_ISA_USAGE = YES_ERROR;
				CLANG_WARN_DOCUMENTATION_COMMENTS = YES;
				CLANG_WARN_EMPTY_BODY = YES;
				CLANG_WARN_ENUM_CONVERSION = YES;
				CLANG_WARN_INFINITE_RECURSION = YES;
				CLANG_WARN_INT_CONVERSION = YES;
				CLANG_WARN_NON_LITERAL_NULL_CONVERSION = YES;
				CLANG_WARN_OBJC_IMPLICIT_RETAIN_SELF = YES;
				CLANG_WARN_OBJC_LITERAL_CONVERSION = YES;
				CLANG_WARN_OBJC_ROOT_CLASS = YES_ERROR;
				CLANG_WARN_QUOTED_INCLUDE_IN_FRAMEWORK_HEADER = YES;
				CLANG_WARN_RANGE_LOOP_ANALYSIS = YES;
				CLANG_WARN_STRICT_PROTOTYPES = YES;
				CLANG_WARN_SUSPICIOUS_MOVE = YES;
				CLANG_WARN_UNGUARDED_AVAILABILITY = YES_AGGRESSIVE;
				CLANG_WARN_UNREACHABLE_CODE = YES;
				CLANG_WARN__DUPLICATE_METHOD_MATCH = YES;
				COPY_PHASE_STRIP = NO;
				DEBUG_INFORMATION_FORMAT = "dwarf-with-dsym";
				ENABLE_NS_ASSERTIONS = NO;
				ENABLE_STRICT_OBJC_MSGSEND = YES;
				GCC_C_LANGUAGE_STANDARD = gnu11;
				GCC_NO_COMMON_BLOCKS = YES;
				GCC_WARN_64_TO_32_BIT_CONVERSION = YES;
				GCC_WARN_ABOUT_RETURN_TYPE = YES_ERROR;
				GCC_WARN_UNDECLARED_SELECTOR = YES;
				GCC_WARN_UNINITIALIZED_AUTOS = YES_AGGRESSIVE;
				GCC_WARN_UNUSED_FUNCTION = YES;
				GCC_WARN_UNUSED_VARIABLE = YES;
				INFOPLIST_FILE = /Users/kneskoromny/Documents/SWIFT/Development/SomeCoolStuffs/SomeCoolStuffs/Support/Info.plist;
				IPHONEOS_DEPLOYMENT_TARGET = 15.4;
				MTL_ENABLE_DEBUG_INFO = NO;
				MTL_FAST_MATH = YES;
				SDKROOT = iphoneos;
				SWIFT_COMPILATION_MODE = wholemodule;
				SWIFT_OPTIMIZATION_LEVEL = "-O";
				VALIDATE_PRODUCT = YES;
			};
			name = Release;
		};
		F7CF12A42854AFEC005D211B /* Debug */ = {
			isa = XCBuildConfiguration;
			buildSettings = {
				ASSETCATALOG_COMPILER_APPICON_NAME = AppIcon;
				ASSETCATALOG_COMPILER_GLOBAL_ACCENT_COLOR_NAME = AccentColor;
				CODE_SIGN_STYLE = Automatic;
				CURRENT_PROJECT_VERSION = 1;
				DEVELOPMENT_TEAM = TB5VXYZS9X;
				GENERATE_INFOPLIST_FILE = YES;
				INFOPLIST_FILE = SomeCoolStuffs/Support/Info.plist;
				INFOPLIST_KEY_UIApplicationSupportsIndirectInputEvents = YES;
				INFOPLIST_KEY_UILaunchStoryboardName = LaunchScreen;
				INFOPLIST_KEY_UISupportedInterfaceOrientations = UIInterfaceOrientationPortrait;
				INFOPLIST_KEY_UISupportedInterfaceOrientations_iPad = "UIInterfaceOrientationPortrait UIInterfaceOrientationPortraitUpsideDown UIInterfaceOrientationLandscapeLeft UIInterfaceOrientationLandscapeRight";
				INFOPLIST_KEY_UISupportedInterfaceOrientations_iPhone = "UIInterfaceOrientationPortrait UIInterfaceOrientationLandscapeLeft UIInterfaceOrientationLandscapeRight";
				IPHONEOS_DEPLOYMENT_TARGET = 15.0;
				LD_RUNPATH_SEARCH_PATHS = (
					"$(inherited)",
					"@executable_path/Frameworks",
				);
				MARKETING_VERSION = 1.0;
				PRODUCT_BUNDLE_IDENTIFIER = com.learnSwift.SomeCoolStuffs;
				PRODUCT_NAME = "$(TARGET_NAME)";
				SWIFT_EMIT_LOC_STRINGS = YES;
				SWIFT_VERSION = 5.0;
				TARGETED_DEVICE_FAMILY = 1;
			};
			name = Debug;
		};
		F7CF12A52854AFEC005D211B /* Release */ = {
			isa = XCBuildConfiguration;
			buildSettings = {
				ASSETCATALOG_COMPILER_APPICON_NAME = AppIcon;
				ASSETCATALOG_COMPILER_GLOBAL_ACCENT_COLOR_NAME = AccentColor;
				CODE_SIGN_STYLE = Automatic;
				CURRENT_PROJECT_VERSION = 1;
				DEVELOPMENT_TEAM = TB5VXYZS9X;
				GENERATE_INFOPLIST_FILE = YES;
				INFOPLIST_FILE = SomeCoolStuffs/Support/Info.plist;
				INFOPLIST_KEY_UIApplicationSupportsIndirectInputEvents = YES;
				INFOPLIST_KEY_UILaunchStoryboardName = LaunchScreen;
				INFOPLIST_KEY_UISupportedInterfaceOrientations = UIInterfaceOrientationPortrait;
				INFOPLIST_KEY_UISupportedInterfaceOrientations_iPad = "UIInterfaceOrientationPortrait UIInterfaceOrientationPortraitUpsideDown UIInterfaceOrientationLandscapeLeft UIInterfaceOrientationLandscapeRight";
				INFOPLIST_KEY_UISupportedInterfaceOrientations_iPhone = "UIInterfaceOrientationPortrait UIInterfaceOrientationLandscapeLeft UIInterfaceOrientationLandscapeRight";
				IPHONEOS_DEPLOYMENT_TARGET = 15.0;
				LD_RUNPATH_SEARCH_PATHS = (
					"$(inherited)",
					"@executable_path/Frameworks",
				);
				MARKETING_VERSION = 1.0;
				PRODUCT_BUNDLE_IDENTIFIER = com.learnSwift.SomeCoolStuffs;
				PRODUCT_NAME = "$(TARGET_NAME)";
				SWIFT_EMIT_LOC_STRINGS = YES;
				SWIFT_VERSION = 5.0;
				TARGETED_DEVICE_FAMILY = 1;
			};
			name = Release;
		};
/* End XCBuildConfiguration section */

/* Begin XCConfigurationList section */
		F7CF128A2854AFE8005D211B /* Build configuration list for PBXProject "SomeCoolStuffs" */ = {
			isa = XCConfigurationList;
			buildConfigurations = (
				F7CF12A12854AFEC005D211B /* Debug */,
				F7CF12A22854AFEC005D211B /* Release */,
			);
			defaultConfigurationIsVisible = 0;
			defaultConfigurationName = Release;
		};
		F7CF12A32854AFEC005D211B /* Build configuration list for PBXNativeTarget "SomeCoolStuffs" */ = {
			isa = XCConfigurationList;
			buildConfigurations = (
				F7CF12A42854AFEC005D211B /* Debug */,
				F7CF12A52854AFEC005D211B /* Release */,
			);
			defaultConfigurationIsVisible = 0;
			defaultConfigurationName = Release;
		};
/* End XCConfigurationList section */
	};
	rootObject = F7CF12872854AFE8005D211B /* Project object */;
}
